
Microsoft Visual Studio Solution File, Format Version 12.00
# Visual Studio 15
VisualStudioVersion = 15.0.27703.2035
MinimumVisualStudioVersion = 10.0.40219.1
Project("{FAE04EC0-301F-11D3-BF4B-00C04F79EFBC}") = "RateOfFireUI", "RofProject\RateOfFireUI.csproj", "{FA8FB44D-80BE-4354-9C3F-175BA5D094C0}"
EndProject
Global
	GlobalSection(SolutionConfigurationPlatforms) = preSolution
		Debug|Any CPU = Debug|Any CPU
		Release|Any CPU = Release|Any CPU
	EndGlobalSection
	GlobalSection(ProjectConfigurationPlatforms) = postSolution
		{FA8FB44D-80BE-4354-9C3F-175BA5D094C0}.Debug|Any CPU.ActiveCfg = Debug|Any CPU
		{FA8FB44D-80BE-4354-9C3F-175BA5D094C0}.Debug|Any CPU.Build.0 = Debug|Any CPU
		{FA8FB44D-80BE-4354-9C3F-175BA5D094C0}.Release|Any CPU.ActiveCfg = Release|Any CPU
		{FA8FB44D-80BE-4354-9C3F-175BA5D094C0}.Release|Any CPU.Build.0 = Release|Any CPU
		{176FD524-97CF-4230-B72D-57F7551B05A8}.Debug|Any CPU.ActiveCfg = Debug|Any CPU
		{176FD524-97CF-4230-B72D-57F7551B05A8}.Debug|Any CPU.Build.0 = Debug|Any CPU
		{176FD524-97CF-4230-B72D-57F7551B05A8}.Release|Any CPU.ActiveCfg = Release|Any CPU
		{176FD524-97CF-4230-B72D-57F7551B05A8}.Release|Any CPU.Build.0 = Release|Any CPU
	EndGlobalSection
	GlobalSection(SolutionProperties) = preSolution
		HideSolutionNode = FALSE
	EndGlobalSection
	GlobalSection(ExtensibilityGlobals) = postSolution
		SolutionGuid = {A018A07F-84AF-4107-AB3F-E4FFBB81D0FF}
	EndGlobalSection
EndGlobal
